
Microsoft Visual Studio Solution File, Format Version 12.00
# Visual Studio Version 17
VisualStudioVersion = 17.14.37314.3 d17.14
MinimumVisualStudioVersion = 10.0.40219.1
Project("{FAE04EC0-301F-11D3-BF4B-00C04F79EFBC}") = "invExperto", "invExperto.csproj", "{3220B76F-7D64-43B2-AAC8-A20C39257046}"
EndProject
Global
	GlobalSection(SolutionConfigurationPlatforms) = preSolution
		Debug|Any CPU = Debug|Any CPU
		Release|Any CPU = Release|Any CPU
	EndGlobalSection
	GlobalSection(ProjectConfigurationPlatforms) = postSolution
		{3220B76F-7D64-43B2-AAC8-A20C39257046}.Debug|Any CPU.ActiveCfg = Debug|Any CPU
		{3220B76F-7D64-43B2-AAC8-A20C39257046}.Debug|Any CPU.Build.0 = Debug|Any CPU
		{3220B76F-7D64-43B2-AAC8-A20C39257046}.Release|Any CPU.ActiveCfg = Release|Any CPU
		{3220B76F-7D64-43B2-AAC8-A20C39257046}.Release|Any CPU.Build.0 = Release|Any CPU
	EndGlobalSection
	GlobalSection(SolutionProperties) = preSolution
		HideSolutionNode = FALSE
	EndGlobalSection
	GlobalSection(ExtensibilityGlobals) = postSolution
		SolutionGuid = {2EA6F0E4-D8EE-4DB5-82CD-71EF5F4C1FEF}
	EndGlobalSection
EndGlobal
